
Microsoft Visual Studio Solution File, Format Version 12.00
# Visual Studio Version 17
VisualStudioVersion = 17.8.34322.80
MinimumVisualStudioVersion = 10.0.40219.1
Project("{FAE04EC0-301F-11D3-BF4B-00C04F79EFBC}") = "PetHotel.WebAPI", "PetHotel.WebAPI\PetHotel.WebAPI.csproj", "{24EB6468-235F-4F46-A0DD-00C8B1786EEA}"
EndProject
Global
	GlobalSection(SolutionConfigurationPlatforms) = preSolution
		Debug|Any CPU = Debug|Any CPU
		Release|Any CPU = Release|Any CPU
	EndGlobalSection
	GlobalSection(ProjectConfigurationPlatforms) = postSolution
		{24EB6468-235F-4F46-A0DD-00C8B1786EEA}.Debug|Any CPU.ActiveCfg = Debug|Any CPU
		{24EB6468-235F-4F46-A0DD-00C8B1786EEA}.Debug|Any CPU.Build.0 = Debug|Any CPU
		{24EB6468-235F-4F46-A0DD-00C8B1786EEA}.Release|Any CPU.ActiveCfg = Release|Any CPU
		{24EB6468-235F-4F46-A0DD-00C8B1786EEA}.Release|Any CPU.Build.0 = Release|Any CPU
	EndGlobalSection
	GlobalSection(SolutionProperties) = preSolution
		HideSolutionNode = FALSE
	EndGlobalSection
	GlobalSection(ExtensibilityGlobals) = postSolution
		SolutionGuid = {F27F15C7-EFD7-4F39-9D79-379EC8D355B4}
	EndGlobalSection
EndGlobal
